
Microsoft Visual Studio Solution File, Format Version 12.00
# Visual Studio Version 17
VisualStudioVersion = 17.13.35825.156
MinimumVisualStudioVersion = 10.0.40219.1
Project("{2150E333-8FDC-42A3-9474-1A3956D46DE8}") = "Chapter01", "Chapter01", "{DDB4EF12-CC4E-5E88-E6FC-71A802F4DE97}"
EndProject
Project("{FAE04EC0-301F-11D3-BF4B-00C04F79EFBC}") = "ProductSample", "Chapter01\ProductSample\ProductSample.csproj", "{32F8A548-2497-4DC0-9640-BABCA1A2CEA8}"
EndProject
Project("{2150E333-8FDC-42A3-9474-1A3956D46DE8}") = "Chapter02", "Chapter02", "{69A0D16F-E2BC-4BBD-B85C-647ECDE59C42}"
EndProject
Project("{FAE04EC0-301F-11D3-BF4B-00C04F79EFBC}") = "DistanceConverter", "Chapter02\DistanceConverter\DistanceConverter.csproj", "{D903670F-8E32-4545-AC39-8E3C757E9937}"
EndProject
Project("{2150E333-8FDC-42A3-9474-1A3956D46DE8}") = "演習問題", "演習問題", "{8CD2084B-176F-4947-9CFC-E38AD8F91C75}"
EndProject
Project("{FAE04EC0-301F-11D3-BF4B-00C04F79EFBC}") = "Exercise02", "Chapter02\演習問題\Exercise02\Exercise02.csproj", "{E11511B4-9E08-484D-8C15-02865DEF401D}"
EndProject
Project("{2150E333-8FDC-42A3-9474-1A3956D46DE8}") = "距離換算プログラム", "距離換算プログラム", "{47A6FD86-3BAC-442B-896A-C33A43787645}"
EndProject
Project("{2150E333-8FDC-42A3-9474-1A3956D46DE8}") = "FormApps", "FormApps", "{F64F17B7-0D42-4361-B48E-FE2381429AA6}"
EndProject
Project("{FAE04EC0-301F-11D3-BF4B-00C04F79EFBC}") = "UnitConverter", "FormApps\UnitConverter\UnitConverter.csproj", "{2DAE4866-A366-4962-AB60-5BDAF2DEF7A8}"
EndProject
Project("{FAE04EC0-301F-11D3-BF4B-00C04F79EFBC}") = "StopWatch", "FormApps\StopWatch\StopWatch.csproj", "{690AEB0F-4F85-42D4-B49B-0DF21F4F637E}"
EndProject
Project("{2150E333-8FDC-42A3-9474-1A3956D46DE8}") = "売上集計プログラム", "売上集計プログラム", "{EB34F9C2-4370-4A6B-B766-EEBD1538FFCF}"
EndProject
Project("{FAE04EC0-301F-11D3-BF4B-00C04F79EFBC}") = "salesCalculator", "Chapter02\salesCalculator\salesCalculator.csproj", "{8240C9A5-5CCF-426D-9346-9F718FFD194C}"
EndProject
Project("{FAE04EC0-301F-11D3-BF4B-00C04F79EFBC}") = "Exercise01", "Chapter02\演習問題\Exercise01\Exercise01.csproj", "{F376297A-9E8C-441A-AFF1-7526EFB31942}"
EndProject
Project("{2150E333-8FDC-42A3-9474-1A3956D46DE8}") = "Chapter03", "Chapter03", "{82582D34-4AC0-477A-8DC0-5796D32A12E3}"
EndProject
Project("{FAE04EC0-301F-11D3-BF4B-00C04F79EFBC}") = "Section01", "Chapter03\Section01\Section01.csproj", "{DDF39155-65E9-475D-B9F8-00821B67BF3F}"
EndProject
Project("{2150E333-8FDC-42A3-9474-1A3956D46DE8}") = "演習問題", "演習問題", "{605F3425-407A-4306-9904-8C9423E90A5D}"
EndProject
Project("{FAE04EC0-301F-11D3-BF4B-00C04F79EFBC}") = "Exercise02", "Chapter03\演習問題\Exercise02\Exercise02.csproj", "{894BE67E-954E-46C1-A314-0D2274A39AED}"
EndProject
Project("{FAE04EC0-301F-11D3-BF4B-00C04F79EFBC}") = "Section04", "Chapter03\Section04\Section04.csproj", "{604345E6-0BAD-4615-953F-12027D0342AE}"
EndProject
Global
	GlobalSection(SolutionConfigurationPlatforms) = preSolution
		Debug|Any CPU = Debug|Any CPU
		Release|Any CPU = Release|Any CPU
	EndGlobalSection
	GlobalSection(ProjectConfigurationPlatforms) = postSolution
		{32F8A548-2497-4DC0-9640-BABCA1A2CEA8}.Debug|Any CPU.ActiveCfg = Debug|Any CPU
		{32F8A548-2497-4DC0-9640-BABCA1A2CEA8}.Debug|Any CPU.Build.0 = Debug|Any CPU
		{32F8A548-2497-4DC0-9640-BABCA1A2CEA8}.Release|Any CPU.ActiveCfg = Release|Any CPU
		{32F8A548-2497-4DC0-9640-BABCA1A2CEA8}.Release|Any CPU.Build.0 = Release|Any CPU
		{D903670F-8E32-4545-AC39-8E3C757E9937}.Debug|Any CPU.ActiveCfg = Debug|Any CPU
		{D903670F-8E32-4545-AC39-8E3C757E9937}.Debug|Any CPU.Build.0 = Debug|Any CPU
		{D903670F-8E32-4545-AC39-8E3C757E9937}.Release|Any CPU.ActiveCfg = Release|Any CPU
		{D903670F-8E32-4545-AC39-8E3C757E9937}.Release|Any CPU.Build.0 = Release|Any CPU
		{E11511B4-9E08-484D-8C15-02865DEF401D}.Debug|Any CPU.ActiveCfg = Debug|Any CPU
		{E11511B4-9E08-484D-8C15-02865DEF401D}.Debug|Any CPU.Build.0 = Debug|Any CPU
		{E11511B4-9E08-484D-8C15-02865DEF401D}.Release|Any CPU.ActiveCfg = Release|Any CPU
		{E11511B4-9E08-484D-8C15-02865DEF401D}.Release|Any CPU.Build.0 = Release|Any CPU
		{2DAE4866-A366-4962-AB60-5BDAF2DEF7A8}.Debug|Any CPU.ActiveCfg = Debug|Any CPU
		{2DAE4866-A366-4962-AB60-5BDAF2DEF7A8}.Debug|Any CPU.Build.0 = Debug|Any CPU
		{2DAE4866-A366-4962-AB60-5BDAF2DEF7A8}.Release|Any CPU.ActiveCfg = Release|Any CPU
		{2DAE4866-A366-4962-AB60-5BDAF2DEF7A8}.Release|Any CPU.Build.0 = Release|Any CPU
		{690AEB0F-4F85-42D4-B49B-0DF21F4F637E}.Debug|Any CPU.ActiveCfg = Debug|Any CPU
		{690AEB0F-4F85-42D4-B49B-0DF21F4F637E}.Debug|Any CPU.Build.0 = Debug|Any CPU
		{690AEB0F-4F85-42D4-B49B-0DF21F4F637E}.Release|Any CPU.ActiveCfg = Release|Any CPU
		{690AEB0F-4F85-42D4-B49B-0DF21F4F637E}.Release|Any CPU.Build.0 = Release|Any CPU
		{8240C9A5-5CCF-426D-9346-9F718FFD194C}.Debug|Any CPU.ActiveCfg = Debug|Any CPU
		{8240C9A5-5CCF-426D-9346-9F718FFD194C}.Debug|Any CPU.Build.0 = Debug|Any CPU
		{8240C9A5-5CCF-426D-9346-9F718FFD194C}.Release|Any CPU.ActiveCfg = Release|Any CPU
		{8240C9A5-5CCF-426D-9346-9F718FFD194C}.Release|Any CPU.Build.0 = Release|Any CPU
		{F376297A-9E8C-441A-AFF1-7526EFB31942}.Debug|Any CPU.ActiveCfg = Debug|Any CPU
		{F376297A-9E8C-441A-AFF1-7526EFB31942}.Debug|Any CPU.Build.0 = Debug|Any CPU
		{F376297A-9E8C-441A-AFF1-7526EFB31942}.Release|Any CPU.ActiveCfg = Release|Any CPU
		{F376297A-9E8C-441A-AFF1-7526EFB31942}.Release|Any CPU.Build.0 = Release|Any CPU
		{DDF39155-65E9-475D-B9F8-00821B67BF3F}.Debug|Any CPU.ActiveCfg = Debug|Any CPU
		{DDF39155-65E9-475D-B9F8-00821B67BF3F}.Debug|Any CPU.Build.0 = Debug|Any CPU
		{DDF39155-65E9-475D-B9F8-00821B67BF3F}.Release|Any CPU.ActiveCfg = Release|Any CPU
		{DDF39155-65E9-475D-B9F8-00821B67BF3F}.Release|Any CPU.Build.0 = Release|Any CPU
		{894BE67E-954E-46C1-A314-0D2274A39AED}.Debug|Any CPU.ActiveCfg = Debug|Any CPU
		{894BE67E-954E-46C1-A314-0D2274A39AED}.Debug|Any CPU.Build.0 = Debug|Any CPU
		{894BE67E-954E-46C1-A314-0D2274A39AED}.Release|Any CPU.ActiveCfg = Release|Any CPU
		{894BE67E-954E-46C1-A314-0D2274A39AED}.Release|Any CPU.Build.0 = Release|Any CPU
		{604345E6-0BAD-4615-953F-12027D0342AE}.Debug|Any CPU.ActiveCfg = Debug|Any CPU
		{604345E6-0BAD-4615-953F-12027D0342AE}.Debug|Any CPU.Build.0 = Debug|Any CPU
		{604345E6-0BAD-4615-953F-12027D0342AE}.Release|Any CPU.ActiveCfg = Release|Any CPU
		{604345E6-0BAD-4615-953F-12027D0342AE}.Release|Any CPU.Build.0 = Release|Any CPU
	EndGlobalSection
	GlobalSection(SolutionProperties) = preSolution
		HideSolutionNode = FALSE
	EndGlobalSection
	GlobalSection(NestedProjects) = preSolution
		{32F8A548-2497-4DC0-9640-BABCA1A2CEA8} = {DDB4EF12-CC4E-5E88-E6FC-71A802F4DE97}
		{D903670F-8E32-4545-AC39-8E3C757E9937} = {47A6FD86-3BAC-442B-896A-C33A43787645}
		{8CD2084B-176F-4947-9CFC-E38AD8F91C75} = {69A0D16F-E2BC-4BBD-B85C-647ECDE59C42}
		{E11511B4-9E08-484D-8C15-02865DEF401D} = {8CD2084B-176F-4947-9CFC-E38AD8F91C75}
		{47A6FD86-3BAC-442B-896A-C33A43787645} = {69A0D16F-E2BC-4BBD-B85C-647ECDE59C42}
		{2DAE4866-A366-4962-AB60-5BDAF2DEF7A8} = {F64F17B7-0D42-4361-B48E-FE2381429AA6}
		{690AEB0F-4F85-42D4-B49B-0DF21F4F637E} = {F64F17B7-0D42-4361-B48E-FE2381429AA6}
		{EB34F9C2-4370-4A6B-B766-EEBD1538FFCF} = {69A0D16F-E2BC-4BBD-B85C-647ECDE59C42}
		{8240C9A5-5CCF-426D-9346-9F718FFD194C} = {EB34F9C2-4370-4A6B-B766-EEBD1538FFCF}
		{F376297A-9E8C-441A-AFF1-7526EFB31942} = {8CD2084B-176F-4947-9CFC-E38AD8F91C75}
		{DDF39155-65E9-475D-B9F8-00821B67BF3F} = {82582D34-4AC0-477A-8DC0-5796D32A12E3}
		{605F3425-407A-4306-9904-8C9423E90A5D} = {82582D34-4AC0-477A-8DC0-5796D32A12E3}
		{894BE67E-954E-46C1-A314-0D2274A39AED} = {605F3425-407A-4306-9904-8C9423E90A5D}
		{604345E6-0BAD-4615-953F-12027D0342AE} = {82582D34-4AC0-477A-8DC0-5796D32A12E3}
	EndGlobalSection
	GlobalSection(ExtensibilityGlobals) = postSolution
		SolutionGuid = {98A3A273-D126-4506-A5A6-CBBA3A481FBA}
	EndGlobalSection
EndGlobal
