
Microsoft Visual Studio Solution File, Format Version 12.00
# Visual Studio Version 17
VisualStudioVersion = 17.13.35825.156
MinimumVisualStudioVersion = 10.0.40219.1
Project("{2150E333-8FDC-42A3-9474-1A3956D46DE8}") = "Chapter01", "Chapter01", "{DDB4EF12-CC4E-5E88-E6FC-71A802F4DE97}"
EndProject
Project("{FAE04EC0-301F-11D3-BF4B-00C04F79EFBC}") = "ProductSample", "Chapter01\ProductSample\ProductSample.csproj", "{32F8A548-2497-4DC0-9640-BABCA1A2CEA8}"
EndProject
Project("{2150E333-8FDC-42A3-9474-1A3956D46DE8}") = "Chapter02", "Chapter02", "{69A0D16F-E2BC-4BBD-B85C-647ECDE59C42}"
EndProject
Project("{FAE04EC0-301F-11D3-BF4B-00C04F79EFBC}") = "DistanceConverter", "Chapter02\DistanceConverter\DistanceConverter.csproj", "{D903670F-8E32-4545-AC39-8E3C757E9937}"
EndProject
Project("{2150E333-8FDC-42A3-9474-1A3956D46DE8}") = "演習問題", "演習問題", "{8CD2084B-176F-4947-9CFC-E38AD8F91C75}"
EndProject
Project("{FAE04EC0-301F-11D3-BF4B-00C04F79EFBC}") = "Exercise02", "Chapter02\演習問題\Exercise02\Exercise02.csproj", "{E11511B4-9E08-484D-8C15-02865DEF401D}"
EndProject
Project("{2150E333-8FDC-42A3-9474-1A3956D46DE8}") = "距離換算プログラム", "距離換算プログラム", "{47A6FD86-3BAC-442B-896A-C33A43787645}"
EndProject
Project("{2150E333-8FDC-42A3-9474-1A3956D46DE8}") = "FormApps", "FormApps", "{F64F17B7-0D42-4361-B48E-FE2381429AA6}"
EndProject
Project("{FAE04EC0-301F-11D3-BF4B-00C04F79EFBC}") = "UnitConverter", "FormApps\UnitConverter\UnitConverter.csproj", "{2DAE4866-A366-4962-AB60-5BDAF2DEF7A8}"
EndProject
Project("{FAE04EC0-301F-11D3-BF4B-00C04F79EFBC}") = "StopWatch", "FormApps\StopWatch\StopWatch.csproj", "{690AEB0F-4F85-42D4-B49B-0DF21F4F637E}"
EndProject
Project("{2150E333-8FDC-42A3-9474-1A3956D46DE8}") = "売上集計プログラム", "売上集計プログラム", "{EB34F9C2-4370-4A6B-B766-EEBD1538FFCF}"
EndProject
Project("{FAE04EC0-301F-11D3-BF4B-00C04F79EFBC}") = "salesCalculator", "Chapter02\salesCalculator\salesCalculator.csproj", "{8240C9A5-5CCF-426D-9346-9F718FFD194C}"
EndProject
Project("{FAE04EC0-301F-11D3-BF4B-00C04F79EFBC}") = "Exercise01", "Chapter02\演習問題\Exercise01\Exercise01.csproj", "{F376297A-9E8C-441A-AFF1-7526EFB31942}"
EndProject
Project("{2150E333-8FDC-42A3-9474-1A3956D46DE8}") = "Chapter03", "Chapter03", "{82582D34-4AC0-477A-8DC0-5796D32A12E3}"
EndProject
Project("{FAE04EC0-301F-11D3-BF4B-00C04F79EFBC}") = "Section01", "Chapter03\Section01\Section01.csproj", "{DDF39155-65E9-475D-B9F8-00821B67BF3F}"
EndProject
Project("{2150E333-8FDC-42A3-9474-1A3956D46DE8}") = "演習問題", "演習問題", "{605F3425-407A-4306-9904-8C9423E90A5D}"
EndProject
Project("{FAE04EC0-301F-11D3-BF4B-00C04F79EFBC}") = "Exercise02", "Chapter03\演習問題\Exercise02\Exercise02.csproj", "{894BE67E-954E-46C1-A314-0D2274A39AED}"
EndProject
Project("{FAE04EC0-301F-11D3-BF4B-00C04F79EFBC}") = "Section04", "Chapter03\Section04\Section04.csproj", "{604345E6-0BAD-4615-953F-12027D0342AE}"
EndProject
Project("{FAE04EC0-301F-11D3-BF4B-00C04F79EFBC}") = "Exercise01", "Chapter03\演習問題\Exercise01\Exercise01.csproj", "{EC6E1B1C-CD45-46B8-9292-A33283B44B76}"
EndProject
Project("{2150E333-8FDC-42A3-9474-1A3956D46DE8}") = "Chapter04", "Chapter04", "{0B66B703-A986-469B-915C-9660EF7C64C7}"
EndProject
Project("{FAE04EC0-301F-11D3-BF4B-00C04F79EFBC}") = "Section04", "Chapter04\Section04\Section04.csproj", "{0BF9F9FF-D92A-4924-B0BE-F9EEF18DA955}"
EndProject
Project("{2150E333-8FDC-42A3-9474-1A3956D46DE8}") = "演習問題", "演習問題", "{AE0A8F61-E804-4C0B-8E63-2B987063C62E}"
EndProject
Project("{FAE04EC0-301F-11D3-BF4B-00C04F79EFBC}") = "Exercise01", "Chapter04\演習問題\Exercise01\Exercise01.csproj", "{7398D74E-D213-4BD2-B311-40A1EF31F450}"
EndProject
Project("{FAE04EC0-301F-11D3-BF4B-00C04F79EFBC}") = "Exercise02", "Chapter04\演習問題\Exercise02\Exercise02\Exercise02.csproj", "{20D323E9-B478-4AB8-8DCF-96E5EB9F5990}"
EndProject
Project("{2150E333-8FDC-42A3-9474-1A3956D46DE8}") = "LINQ", "LINQ", "{5E19E81B-256E-4045-A644-8FAA9872463E}"
EndProject
Project("{FAE04EC0-301F-11D3-BF4B-00C04F79EFBC}") = "LinqSample", "LINQ\LinqSample\LinqSample.csproj", "{0EE5C2B9-7210-46E3-A600-DAA3406FF898}"
EndProject
Project("{2150E333-8FDC-42A3-9474-1A3956D46DE8}") = "Chapter07", "Chapter07", "{23D8E393-67DF-4CDB-8488-3D3D8D080879}"
EndProject
Project("{2150E333-8FDC-42A3-9474-1A3956D46DE8}") = "演習問題", "演習問題", "{65562992-AECE-4971-A93C-2D1CFFFB5C39}"
EndProject
Project("{FAE04EC0-301F-11D3-BF4B-00C04F79EFBC}") = "Exercise01", "Chapter07\演習問題\Exercise01\Exercise01.csproj", "{ACA52D07-B5A0-42F8-B3BB-3FEA3B499F6B}"
EndProject
Project("{FAE04EC0-301F-11D3-BF4B-00C04F79EFBC}") = "Section01", "Chapter07\Section01\Section01.csproj", "{DDBC4EB8-5B3D-4159-A95E-BEEC2DE6DF41}"
EndProject
Project("{FAE04EC0-301F-11D3-BF4B-00C04F79EFBC}") = "Section05", "Chapter07\Section05\Section05.csproj", "{6CB55283-D60A-4363-875C-0D0117812DB1}"
EndProject
Project("{FAE04EC0-301F-11D3-BF4B-00C04F79EFBC}") = "Exercise02", "Chapter07\演習問題\Exercise02\Exercise02.csproj", "{B83EA30B-B81E-4745-9056-6D3694802125}"
EndProject
Project("{2150E333-8FDC-42A3-9474-1A3956D46DE8}") = "Chapter06", "Chapter06", "{8E3D8397-E023-4BC0-9749-71EB5A19EC69}"
EndProject
Project("{FAE04EC0-301F-11D3-BF4B-00C04F79EFBC}") = "Section01", "Chapter06\Section01\Section01.csproj", "{99B09137-C8DB-4893-BFE4-1B3E55924B54}"
EndProject
Project("{2150E333-8FDC-42A3-9474-1A3956D46DE8}") = "演習問題", "演習問題", "{3D4B14E7-8D67-49D6-B4ED-EB97C037A559}"
EndProject
Project("{FAE04EC0-301F-11D3-BF4B-00C04F79EFBC}") = "Exercise01", "Chapter06\演習問題\Exercise01\Exercise01.csproj", "{31D303E9-4E3D-4555-8833-41FB27ACAE83}"
EndProject
Project("{FAE04EC0-301F-11D3-BF4B-00C04F79EFBC}") = "Exercise03", "Chapter06\演習問題\Exercise03\Exercise03.csproj", "{DFA0CFAB-4FF0-4552-B55E-6E56F4BDA58A}"
EndProject
Project("{FAE04EC0-301F-11D3-BF4B-00C04F79EFBC}") = "Exercise04", "Chapter06\演習問題\Exercise04\Exercise04.csproj", "{B66F65D5-78CB-4751-BAE6-29583564F3E7}"
EndProject
Project("{FAE04EC0-301F-11D3-BF4B-00C04F79EFBC}") = "Section03", "Chapter06\Section03\Section03.csproj", "{1B4B420D-E004-4882-A620-A925673C878E}"
EndProject
Project("{2150E333-8FDC-42A3-9474-1A3956D46DE8}") = "chapter05", "chapter05", "{53C3864B-FC44-4102-8A58-43143AB926A6}"
EndProject
Project("{2150E333-8FDC-42A3-9474-1A3956D46DE8}") = "演習問題", "演習問題", "{93F702B8-4B45-4884-99E2-154E12F24C20}"
EndProject
Project("{FAE04EC0-301F-11D3-BF4B-00C04F79EFBC}") = "Section01", "Chapter05\Section01\Section01.csproj", "{E96B9BD9-57CC-4598-A8B3-0BCFE9C297A4}"
EndProject
Project("{FAE04EC0-301F-11D3-BF4B-00C04F79EFBC}") = "Section02", "Chapter05\Section02\Section02.csproj", "{68C8CA13-34E2-4E77-82D8-4DBA1474D595}"
EndProject
Project("{FAE04EC0-301F-11D3-BF4B-00C04F79EFBC}") = "Exercise01", "Chapter05\演習問題\Exercise01\Exercise01.csproj", "{0983F3BB-BA45-46F8-8AD8-83852C6B4EBB}"
EndProject
Project("{FAE04EC0-301F-11D3-BF4B-00C04F79EFBC}") = "Exercise02", "Chapter05\演習問題\Exercise02\Exercise02.csproj", "{4DB90D32-EB5D-4B85-AD22-AF4CC8FC20DF}"
EndProject
Project("{2150E333-8FDC-42A3-9474-1A3956D46DE8}") = "Chapter08", "Chapter08", "{B4EFA488-1A52-4B41-9D7C-960811B20798}"
EndProject
Project("{2150E333-8FDC-42A3-9474-1A3956D46DE8}") = "演習問題", "演習問題", "{7E9BD89E-A7D8-497E-B323-ACF5D9385E02}"
EndProject
Project("{FAE04EC0-301F-11D3-BF4B-00C04F79EFBC}") = "Exercise01", "Chapter08\演習問題\Exercise01\Exercise01.csproj", "{9D70B31A-8A18-4942-BC19-6621528402DA}"
EndProject
Project("{FAE04EC0-301F-11D3-BF4B-00C04F79EFBC}") = "PrefCapitalLocationSystem", "Chapter08\演習問題\PrefCapitalLocationSystem\PrefCapitalLocationSystem.csproj", "{C3E07851-D82B-41CC-BF21-5B948A97C8BB}"
EndProject
Project("{FAE04EC0-301F-11D3-BF4B-00C04F79EFBC}") = "Section03", "Chapter08\Section03\Section03.csproj", "{DC7B2151-B893-4A51-B394-0254DD58124A}"
EndProject
Project("{FAE04EC0-301F-11D3-BF4B-00C04F79EFBC}") = "Exercise02", "Chapter08\演習問題\Exercise02\Exercise02.csproj", "{F9833E17-B3EA-4060-8971-F7A2ADDEC2E6}"
EndProject
Project("{2150E333-8FDC-42A3-9474-1A3956D46DE8}") = "Test01", "Test01", "{FD3F9829-30C4-4F76-AC3B-CBAC3800B432}"
EndProject
Project("{FAE04EC0-301F-11D3-BF4B-00C04F79EFBC}") = "Test01", "Test01\Test01\Test01.csproj", "{6EF7678A-A725-F430-3097-30F090C0100A}"
EndProject
Project("{FAE04EC0-301F-11D3-BF4B-00C04F79EFBC}") = "Test02", "Test01\Test02\Test02.csproj", "{010D0C11-D6A2-3CA6-3281-4E0FD547EC2D}"
EndProject
Project("{2150E333-8FDC-42A3-9474-1A3956D46DE8}") = "Chapter09", "Chapter09", "{9484EBE2-8E50-4CA7-B188-1CA57883B56E}"
EndProject
Project("{FAE04EC0-301F-11D3-BF4B-00C04F79EFBC}") = "Section01", "Chapter09\Section01\Section01.csproj", "{5F16C86D-C0A5-4548-8CC2-F4CE81137EE9}"
EndProject
Project("{2150E333-8FDC-42A3-9474-1A3956D46DE8}") = "演習問題", "演習問題", "{574E6DE3-B06A-4980-B3A7-4744E4536F37}"
EndProject
Project("{FAE04EC0-301F-11D3-BF4B-00C04F79EFBC}") = "Exercise01", "Chapter09\演習問題\Exercise01\Exercise01.csproj", "{04E3ABB6-ABE3-40D9-ABBE-11861907A719}"
EndProject
Project("{FAE04EC0-301F-11D3-BF4B-00C04F79EFBC}") = "Exercise02", "Chapter09\演習問題\Exercise02\Exercise02.csproj", "{960CC174-9479-48A5-BD05-653550BE5A18}"
EndProject
Project("{FAE04EC0-301F-11D3-BF4B-00C04F79EFBC}") = "Exercise03", "Chapter09\演習問題\Exercise03\Exercise03.csproj", "{937DB534-5224-4C84-A60B-9638FEA5EB8D}"
EndProject
Project("{FAE04EC0-301F-11D3-BF4B-00C04F79EFBC}") = "CarReportSystem", "FormApps\CarReportSystem\CarReportSystem.csproj", "{1C713D99-C847-4478-A6F2-5CF9AF6BB426}"
EndProject
Project("{2150E333-8FDC-42A3-9474-1A3956D46DE8}") = "Chapter12", "Chapter12", "{4B69D34F-DC07-4C50-9E4D-59BE645A51AD}"
EndProject
Project("{2150E333-8FDC-42A3-9474-1A3956D46DE8}") = "演習問題", "演習問題", "{1D8965BA-B81A-4F9F-80DF-848C2AA2E8B9}"
EndProject
Project("{FAE04EC0-301F-11D3-BF4B-00C04F79EFBC}") = "Section1", "Chapter12\Section1\Section1.csproj", "{A52F9E72-5A1D-4A62-BA60-881C0BB7A525}"
EndProject
Project("{FAE04EC0-301F-11D3-BF4B-00C04F79EFBC}") = "Exercise01", "Chapter12\演習問題\Exercise01\Exercise01.csproj", "{3A336D98-A3E2-4EDD-B3E0-69D4F7A99E9D}"
EndProject
Project("{FAE04EC0-301F-11D3-BF4B-00C04F79EFBC}") = "Exercise02", "Chapter12\演習問題\Exercise02\Exercise02.csproj", "{F01C3B69-9D05-4BEF-26EB-57BAD926097B}"
EndProject
Project("{FAE04EC0-301F-11D3-BF4B-00C04F79EFBC}") = "Exercise03", "Chapter12\演習問題\Exercise03\Exercise03.csproj", "{414DFFD5-4A0F-DD91-933A-D9585859A325}"
EndProject
Project("{FAE04EC0-301F-11D3-BF4B-00C04F79EFBC}") = "RssReader", "FormApps\RssReader\RssReader.csproj", "{8E382822-92E3-D270-08BB-8C5874A14FBE}"
EndProject
Project("{2150E333-8FDC-42A3-9474-1A3956D46DE8}") = "Chapter11", "Chapter11", "{B25C5066-E125-4A69-92EE-EF24D1B31C17}"
EndProject
Project("{FAE04EC0-301F-11D3-BF4B-00C04F79EFBC}") = "Section02", "Chapter11\Section02\Section02.csproj", "{7A3BDE38-0812-4F85-B408-E087FD31FCEB}"
EndProject
Project("{FAE04EC0-301F-11D3-BF4B-00C04F79EFBC}") = "Exercise01", "Chapter11\演習問題\Exercise01\Exercise01.csproj", "{0736B3DC-3CFE-4C5C-A4D9-028419E9E306}"
EndProject
Project("{2150E333-8FDC-42A3-9474-1A3956D46DE8}") = "演習問題", "演習問題", "{A546B863-5B6C-4958-94B3-6A842A1D4CED}"
EndProject
Project("{FAE04EC0-301F-11D3-BF4B-00C04F79EFBC}") = "Section03", "Chapter11\Section03\Section03.csproj", "{46CBDBEA-E219-4C2E-8965-A723C87E35AB}"
EndProject
Project("{FAE04EC0-301F-11D3-BF4B-00C04F79EFBC}") = "Exercise02", "Chapter11\演習問題\Exercise02\Exercise02.csproj", "{AEB65F9B-0060-4D01-90AE-A74865F3D869}"
EndProject
Project("{FAE04EC0-301F-11D3-BF4B-00C04F79EFBC}") = "Exercise03", "Chapter11\演習問題\Exercise03\Exercise03.csproj", "{A9D077E9-EA04-4C76-9FE6-BDC7F064118B}"
EndProject
Project("{FAE04EC0-301F-11D3-BF4B-00C04F79EFBC}") = "Section04", "Chapter11\Section04\Section04.csproj", "{56DA9F25-529E-4E44-B0B4-DF80A888005A}"
EndProject
Project("{FAE04EC0-301F-11D3-BF4B-00C04F79EFBC}") = "Exercise04", "Chapter11\演習問題\Exercise04\Exercise04.csproj", "{83201EBD-65DC-4006-967B-768CC8743994}"
EndProject
Project("{FAE04EC0-301F-11D3-BF4B-00C04F79EFBC}") = "Exercise05", "Chapter11\演習問題\Exercise05\Exercise05.csproj", "{B5BF5C9B-C637-46A5-89E3-66656497D6C7}"
EndProject
Project("{2150E333-8FDC-42A3-9474-1A3956D46DE8}") = "WPF", "WPF", "{E7CD536B-3433-4220-841F-A86EEF5CE979}"
EndProject
Project("{FAE04EC0-301F-11D3-BF4B-00C04F79EFBC}") = "SampleApplication", "WPF\SampleApplication\SampleApplication.csproj", "{7C64BC56-B48B-4C61-B744-8512BD8380EA}"
EndProject
Project("{FAE04EC0-301F-11D3-BF4B-00C04F79EFBC}") = "SampleSlider", "WPF\SampleSlide\SampleSlider.csproj", "{29ADBCDE-3B24-4305-8E85-11F6623DB15F}"
EndProject
Project("{FAE04EC0-301F-11D3-BF4B-00C04F79EFBC}") = "ColorChecker", "WPF\ColorChecker\ColorChecker.csproj", "{15AEFB95-E450-4F3B-8224-1C091299714A}"
EndProject
Project("{FAE04EC0-301F-11D3-BF4B-00C04F79EFBC}") = "ConverterApp", "\\172.16.42.1\学生\2025_情報システム\オブジェクト指向プログラミングⅡ\３期目\休んだ人\ConverterApp\ConverterApp.csproj", "{13EF6CCE-EC4B-454F-807A-A1F5FD6DA9A4}"
EndProject
Project("{FAE04EC0-301F-11D3-BF4B-00C04F79EFBC}") = "HelloWorld", "WPF\HelloWorld\HelloWorld.csproj", "{8FBDDD79-818E-6752-3B00-45F40DDA6723}"
EndProject
Project("{FAE04EC0-301F-11D3-BF4B-00C04F79EFBC}") = "PrismObservesSample", "WPF\PrismObservesSample\PrismObservesSample.csproj", "{EC95F513-FA89-4C5A-B44A-5E761A82BCD1}"
EndProject
Project("{FAE04EC0-301F-11D3-BF4B-00C04F79EFBC}") = "SampleUnitConverter", "WPF\SampleUnitConverter\SampleUnitConverter.csproj", "{AAD97B84-D512-44A1-AB12-9101AD69CFF6}"
EndProject
Project("{2150E333-8FDC-42A3-9474-1A3956D46DE8}") = "SQLite", "SQLite", "{4E935CB6-0E63-4F61-A332-49851B30A2AC}"
EndProject
Project("{FAE04EC0-301F-11D3-BF4B-00C04F79EFBC}") = "Sample", "SQLite\Sample\Sample.csproj", "{07925D3F-C225-4562-B53B-4D74F195427A}"
EndProject
Project("{FAE04EC0-301F-11D3-BF4B-00C04F79EFBC}") = "CustomerApp", "SQLite\CustomerApp\CustomerApp.csproj", "{C8E9A759-A245-4D28-B0CF-A75A8B2ED76A}"
EndProject
Project("{2150E333-8FDC-42A3-9474-1A3956D46DE8}") = "Chapter13", "Chapter13", "{2B8A81EC-30A8-4B1E-9E5E-B8E73E819368}"
EndProject
Project("{2150E333-8FDC-42A3-9474-1A3956D46DE8}") = "演習問題", "演習問題", "{A505CCA5-E2EB-429B-9BA6-6B2CB38DFFCB}"
EndProject
Project("{FAE04EC0-301F-11D3-BF4B-00C04F79EFBC}") = "Section01", "Chapter13\Section01\Section01.csproj", "{B2CD0718-9965-47B6-8287-485E3C80F6DE}"
EndProject
Project("{FAE04EC0-301F-11D3-BF4B-00C04F79EFBC}") = "Exercise01", "Chapter13\Exercise01\Exercise01.csproj", "{7F971EA4-064F-4AB4-AA69-C8858FB5B731}"
EndProject
Project("{2150E333-8FDC-42A3-9474-1A3956D46DE8}") = "Chapter14", "Chapter14", "{90E58AC3-3A78-4318-BB2B-0F738C0DFE33}"
EndProject
Project("{FAE04EC0-301F-11D3-BF4B-00C04F79EFBC}") = "Section03", "Chapter14\Section03\Section03.csproj", "{93D7125A-A1D3-49F1-9C4A-6D3622F8399F}"
EndProject
Project("{2150E333-8FDC-42A3-9474-1A3956D46DE8}") = "演習問題", "演習問題", "{73D998B3-53D8-406E-A619-9B3EB27739F6}"
EndProject
Project("{FAE04EC0-301F-11D3-BF4B-00C04F79EFBC}") = "Exercise01_Console", "Chapter14\演習問題\Exercise01_Console\Exercise01_Console.csproj", "{3CF57345-400D-40FE-9F62-22FF06FF58DB}"
EndProject
Project("{FAE04EC0-301F-11D3-BF4B-00C04F79EFBC}") = "Exercise01_WinFrom", "Chapter14\演習問題\Exercise01_WinFrom\Exercise01_WinFrom.csproj", "{AEBD4942-9DE1-4E4A-8E37-19514E46E31B}"
EndProject
Project("{FAE04EC0-301F-11D3-BF4B-00C04F79EFBC}") = "Exercise01_Wpf", "Chapter14\演習問題\Exercise01_Wpf\Exercise01_Wpf.csproj", "{7BC40B91-40B2-46AB-9B69-9A13B7863AF1}"
EndProject
Project("{FAE04EC0-301F-11D3-BF4B-00C04F79EFBC}") = "WebBrowser", "Chapter14\WebBrowser\WebBrowser.csproj", "{C1073698-82F6-0971-11D3-530698328950}"
EndProject
Project("{FAE04EC0-301F-11D3-BF4B-00C04F79EFBC}") = "Section04", "Chapter14\Section04\Section04.csproj", "{BAD5866C-19CE-9ABE-C7CE-C75067A93566}"
EndProject
Project("{FAE04EC0-301F-11D3-BF4B-00C04F79EFBC}") = "Section05", "Chapter14\Section05\Section05.csproj", "{94B56CE4-E3A3-49DD-9CD2-4ABBC88470B0}"
EndProject
Project("{2150E333-8FDC-42A3-9474-1A3956D46DE8}") = "Chapter10", "Chapter10", "{114085FE-2D2C-4E0F-8112-FB1E34590C33}"
EndProject
Project("{FAE04EC0-301F-11D3-BF4B-00C04F79EFBC}") = "Section01", "Chapter10\Section01\Section01.csproj", "{0F993D32-DAE0-4DE3-894D-3DC98892ECFF}"
EndProject
Project("{2150E333-8FDC-42A3-9474-1A3956D46DE8}") = "演習問題", "演習問題", "{81AC6E6B-A1A6-4C41-A7D3-AFF979CF3C17}"
EndProject
Project("{FAE04EC0-301F-11D3-BF4B-00C04F79EFBC}") = "Exercise01", "Chapter10\演習問題\Exercise01\Exercise01.csproj", "{609C821B-D5B6-479C-BDA2-CC38C1074508}"
EndProject
Project("{2150E333-8FDC-42A3-9474-1A3956D46DE8}") = "Chapter15", "Chapter15", "{20149F72-2EC7-4F29-BEBC-05DCA7C5BF8B}"
EndProject
Project("{FAE04EC0-301F-11D3-BF4B-00C04F79EFBC}") = "Section01", "Chapter15\Section01\Section01.csproj", "{EC7D562F-5DA1-4334-BA39-85A5C8935BA2}"
EndProject
Project("{2150E333-8FDC-42A3-9474-1A3956D46DE8}") = "TemplateMethod", "TemplateMethod", "{101201EC-F440-4058-B0B0-1AB5CDD111D5}"
EndProject
Project("{FAE04EC0-301F-11D3-BF4B-00C04F79EFBC}") = "TextFileProcessor", "Chapter15\TemplateMethod\TextFileProcessor\TextFileProcessor.csproj", "{24E47DEA-26E2-45AE-996D-DD510266212B}"
EndProject
Global
	GlobalSection(SolutionConfigurationPlatforms) = preSolution
		Debug|Any CPU = Debug|Any CPU
		Release|Any CPU = Release|Any CPU
	EndGlobalSection
	GlobalSection(ProjectConfigurationPlatforms) = postSolution
		{32F8A548-2497-4DC0-9640-BABCA1A2CEA8}.Debug|Any CPU.ActiveCfg = Debug|Any CPU
		{32F8A548-2497-4DC0-9640-BABCA1A2CEA8}.Debug|Any CPU.Build.0 = Debug|Any CPU
		{32F8A548-2497-4DC0-9640-BABCA1A2CEA8}.Release|Any CPU.ActiveCfg = Release|Any CPU
		{32F8A548-2497-4DC0-9640-BABCA1A2CEA8}.Release|Any CPU.Build.0 = Release|Any CPU
		{D903670F-8E32-4545-AC39-8E3C757E9937}.Debug|Any CPU.ActiveCfg = Debug|Any CPU
		{D903670F-8E32-4545-AC39-8E3C757E9937}.Debug|Any CPU.Build.0 = Debug|Any CPU
		{D903670F-8E32-4545-AC39-8E3C757E9937}.Release|Any CPU.ActiveCfg = Release|Any CPU
		{D903670F-8E32-4545-AC39-8E3C757E9937}.Release|Any CPU.Build.0 = Release|Any CPU
		{E11511B4-9E08-484D-8C15-02865DEF401D}.Debug|Any CPU.ActiveCfg = Debug|Any CPU
		{E11511B4-9E08-484D-8C15-02865DEF401D}.Debug|Any CPU.Build.0 = Debug|Any CPU
		{E11511B4-9E08-484D-8C15-02865DEF401D}.Release|Any CPU.ActiveCfg = Release|Any CPU
		{E11511B4-9E08-484D-8C15-02865DEF401D}.Release|Any CPU.Build.0 = Release|Any CPU
		{2DAE4866-A366-4962-AB60-5BDAF2DEF7A8}.Debug|Any CPU.ActiveCfg = Debug|Any CPU
		{2DAE4866-A366-4962-AB60-5BDAF2DEF7A8}.Debug|Any CPU.Build.0 = Debug|Any CPU
		{2DAE4866-A366-4962-AB60-5BDAF2DEF7A8}.Release|Any CPU.ActiveCfg = Release|Any CPU
		{2DAE4866-A366-4962-AB60-5BDAF2DEF7A8}.Release|Any CPU.Build.0 = Release|Any CPU
		{690AEB0F-4F85-42D4-B49B-0DF21F4F637E}.Debug|Any CPU.ActiveCfg = Debug|Any CPU
		{690AEB0F-4F85-42D4-B49B-0DF21F4F637E}.Debug|Any CPU.Build.0 = Debug|Any CPU
		{690AEB0F-4F85-42D4-B49B-0DF21F4F637E}.Release|Any CPU.ActiveCfg = Release|Any CPU
		{690AEB0F-4F85-42D4-B49B-0DF21F4F637E}.Release|Any CPU.Build.0 = Release|Any CPU
		{8240C9A5-5CCF-426D-9346-9F718FFD194C}.Debug|Any CPU.ActiveCfg = Debug|Any CPU
		{8240C9A5-5CCF-426D-9346-9F718FFD194C}.Debug|Any CPU.Build.0 = Debug|Any CPU
		{8240C9A5-5CCF-426D-9346-9F718FFD194C}.Release|Any CPU.ActiveCfg = Release|Any CPU
		{8240C9A5-5CCF-426D-9346-9F718FFD194C}.Release|Any CPU.Build.0 = Release|Any CPU
		{F376297A-9E8C-441A-AFF1-7526EFB31942}.Debug|Any CPU.ActiveCfg = Debug|Any CPU
		{F376297A-9E8C-441A-AFF1-7526EFB31942}.Debug|Any CPU.Build.0 = Debug|Any CPU
		{F376297A-9E8C-441A-AFF1-7526EFB31942}.Release|Any CPU.ActiveCfg = Release|Any CPU
		{F376297A-9E8C-441A-AFF1-7526EFB31942}.Release|Any CPU.Build.0 = Release|Any CPU
		{DDF39155-65E9-475D-B9F8-00821B67BF3F}.Debug|Any CPU.ActiveCfg = Debug|Any CPU
		{DDF39155-65E9-475D-B9F8-00821B67BF3F}.Debug|Any CPU.Build.0 = Debug|Any CPU
		{DDF39155-65E9-475D-B9F8-00821B67BF3F}.Release|Any CPU.ActiveCfg = Release|Any CPU
		{DDF39155-65E9-475D-B9F8-00821B67BF3F}.Release|Any CPU.Build.0 = Release|Any CPU
		{894BE67E-954E-46C1-A314-0D2274A39AED}.Debug|Any CPU.ActiveCfg = Debug|Any CPU
		{894BE67E-954E-46C1-A314-0D2274A39AED}.Debug|Any CPU.Build.0 = Debug|Any CPU
		{894BE67E-954E-46C1-A314-0D2274A39AED}.Release|Any CPU.ActiveCfg = Release|Any CPU
		{894BE67E-954E-46C1-A314-0D2274A39AED}.Release|Any CPU.Build.0 = Release|Any CPU
		{604345E6-0BAD-4615-953F-12027D0342AE}.Debug|Any CPU.ActiveCfg = Debug|Any CPU
		{604345E6-0BAD-4615-953F-12027D0342AE}.Debug|Any CPU.Build.0 = Debug|Any CPU
		{604345E6-0BAD-4615-953F-12027D0342AE}.Release|Any CPU.ActiveCfg = Release|Any CPU
		{604345E6-0BAD-4615-953F-12027D0342AE}.Release|Any CPU.Build.0 = Release|Any CPU
		{EC6E1B1C-CD45-46B8-9292-A33283B44B76}.Debug|Any CPU.ActiveCfg = Debug|Any CPU
		{EC6E1B1C-CD45-46B8-9292-A33283B44B76}.Debug|Any CPU.Build.0 = Debug|Any CPU
		{EC6E1B1C-CD45-46B8-9292-A33283B44B76}.Release|Any CPU.ActiveCfg = Release|Any CPU
		{EC6E1B1C-CD45-46B8-9292-A33283B44B76}.Release|Any CPU.Build.0 = Release|Any CPU
		{0BF9F9FF-D92A-4924-B0BE-F9EEF18DA955}.Debug|Any CPU.ActiveCfg = Debug|Any CPU
		{0BF9F9FF-D92A-4924-B0BE-F9EEF18DA955}.Debug|Any CPU.Build.0 = Debug|Any CPU
		{0BF9F9FF-D92A-4924-B0BE-F9EEF18DA955}.Release|Any CPU.ActiveCfg = Release|Any CPU
		{0BF9F9FF-D92A-4924-B0BE-F9EEF18DA955}.Release|Any CPU.Build.0 = Release|Any CPU
		{7398D74E-D213-4BD2-B311-40A1EF31F450}.Debug|Any CPU.ActiveCfg = Debug|Any CPU
		{7398D74E-D213-4BD2-B311-40A1EF31F450}.Debug|Any CPU.Build.0 = Debug|Any CPU
		{7398D74E-D213-4BD2-B311-40A1EF31F450}.Release|Any CPU.ActiveCfg = Release|Any CPU
		{7398D74E-D213-4BD2-B311-40A1EF31F450}.Release|Any CPU.Build.0 = Release|Any CPU
		{20D323E9-B478-4AB8-8DCF-96E5EB9F5990}.Debug|Any CPU.ActiveCfg = Debug|Any CPU
		{20D323E9-B478-4AB8-8DCF-96E5EB9F5990}.Debug|Any CPU.Build.0 = Debug|Any CPU
		{20D323E9-B478-4AB8-8DCF-96E5EB9F5990}.Release|Any CPU.ActiveCfg = Release|Any CPU
		{20D323E9-B478-4AB8-8DCF-96E5EB9F5990}.Release|Any CPU.Build.0 = Release|Any CPU
		{0EE5C2B9-7210-46E3-A600-DAA3406FF898}.Debug|Any CPU.ActiveCfg = Debug|Any CPU
		{0EE5C2B9-7210-46E3-A600-DAA3406FF898}.Debug|Any CPU.Build.0 = Debug|Any CPU
		{0EE5C2B9-7210-46E3-A600-DAA3406FF898}.Release|Any CPU.ActiveCfg = Release|Any CPU
		{0EE5C2B9-7210-46E3-A600-DAA3406FF898}.Release|Any CPU.Build.0 = Release|Any CPU
		{ACA52D07-B5A0-42F8-B3BB-3FEA3B499F6B}.Debug|Any CPU.ActiveCfg = Debug|Any CPU
		{ACA52D07-B5A0-42F8-B3BB-3FEA3B499F6B}.Debug|Any CPU.Build.0 = Debug|Any CPU
		{ACA52D07-B5A0-42F8-B3BB-3FEA3B499F6B}.Release|Any CPU.ActiveCfg = Release|Any CPU
		{ACA52D07-B5A0-42F8-B3BB-3FEA3B499F6B}.Release|Any CPU.Build.0 = Release|Any CPU
		{DDBC4EB8-5B3D-4159-A95E-BEEC2DE6DF41}.Debug|Any CPU.ActiveCfg = Debug|Any CPU
		{DDBC4EB8-5B3D-4159-A95E-BEEC2DE6DF41}.Debug|Any CPU.Build.0 = Debug|Any CPU
		{DDBC4EB8-5B3D-4159-A95E-BEEC2DE6DF41}.Release|Any CPU.ActiveCfg = Release|Any CPU
		{DDBC4EB8-5B3D-4159-A95E-BEEC2DE6DF41}.Release|Any CPU.Build.0 = Release|Any CPU
		{6CB55283-D60A-4363-875C-0D0117812DB1}.Debug|Any CPU.ActiveCfg = Debug|Any CPU
		{6CB55283-D60A-4363-875C-0D0117812DB1}.Debug|Any CPU.Build.0 = Debug|Any CPU
		{6CB55283-D60A-4363-875C-0D0117812DB1}.Release|Any CPU.ActiveCfg = Release|Any CPU
		{6CB55283-D60A-4363-875C-0D0117812DB1}.Release|Any CPU.Build.0 = Release|Any CPU
		{B83EA30B-B81E-4745-9056-6D3694802125}.Debug|Any CPU.ActiveCfg = Debug|Any CPU
		{B83EA30B-B81E-4745-9056-6D3694802125}.Debug|Any CPU.Build.0 = Debug|Any CPU
		{B83EA30B-B81E-4745-9056-6D3694802125}.Release|Any CPU.ActiveCfg = Release|Any CPU
		{B83EA30B-B81E-4745-9056-6D3694802125}.Release|Any CPU.Build.0 = Release|Any CPU
		{99B09137-C8DB-4893-BFE4-1B3E55924B54}.Debug|Any CPU.ActiveCfg = Debug|Any CPU
		{99B09137-C8DB-4893-BFE4-1B3E55924B54}.Debug|Any CPU.Build.0 = Debug|Any CPU
		{99B09137-C8DB-4893-BFE4-1B3E55924B54}.Release|Any CPU.ActiveCfg = Release|Any CPU
		{99B09137-C8DB-4893-BFE4-1B3E55924B54}.Release|Any CPU.Build.0 = Release|Any CPU
		{31D303E9-4E3D-4555-8833-41FB27ACAE83}.Debug|Any CPU.ActiveCfg = Debug|Any CPU
		{31D303E9-4E3D-4555-8833-41FB27ACAE83}.Debug|Any CPU.Build.0 = Debug|Any CPU
		{31D303E9-4E3D-4555-8833-41FB27ACAE83}.Release|Any CPU.ActiveCfg = Release|Any CPU
		{31D303E9-4E3D-4555-8833-41FB27ACAE83}.Release|Any CPU.Build.0 = Release|Any CPU
		{DFA0CFAB-4FF0-4552-B55E-6E56F4BDA58A}.Debug|Any CPU.ActiveCfg = Debug|Any CPU
		{DFA0CFAB-4FF0-4552-B55E-6E56F4BDA58A}.Debug|Any CPU.Build.0 = Debug|Any CPU
		{DFA0CFAB-4FF0-4552-B55E-6E56F4BDA58A}.Release|Any CPU.ActiveCfg = Release|Any CPU
		{DFA0CFAB-4FF0-4552-B55E-6E56F4BDA58A}.Release|Any CPU.Build.0 = Release|Any CPU
		{B66F65D5-78CB-4751-BAE6-29583564F3E7}.Debug|Any CPU.ActiveCfg = Debug|Any CPU
		{B66F65D5-78CB-4751-BAE6-29583564F3E7}.Debug|Any CPU.Build.0 = Debug|Any CPU
		{B66F65D5-78CB-4751-BAE6-29583564F3E7}.Release|Any CPU.ActiveCfg = Release|Any CPU
		{B66F65D5-78CB-4751-BAE6-29583564F3E7}.Release|Any CPU.Build.0 = Release|Any CPU
		{1B4B420D-E004-4882-A620-A925673C878E}.Debug|Any CPU.ActiveCfg = Debug|Any CPU
		{1B4B420D-E004-4882-A620-A925673C878E}.Debug|Any CPU.Build.0 = Debug|Any CPU
		{1B4B420D-E004-4882-A620-A925673C878E}.Release|Any CPU.ActiveCfg = Release|Any CPU
		{1B4B420D-E004-4882-A620-A925673C878E}.Release|Any CPU.Build.0 = Release|Any CPU
		{E96B9BD9-57CC-4598-A8B3-0BCFE9C297A4}.Debug|Any CPU.ActiveCfg = Debug|Any CPU
		{E96B9BD9-57CC-4598-A8B3-0BCFE9C297A4}.Debug|Any CPU.Build.0 = Debug|Any CPU
		{E96B9BD9-57CC-4598-A8B3-0BCFE9C297A4}.Release|Any CPU.ActiveCfg = Release|Any CPU
		{E96B9BD9-57CC-4598-A8B3-0BCFE9C297A4}.Release|Any CPU.Build.0 = Release|Any CPU
		{68C8CA13-34E2-4E77-82D8-4DBA1474D595}.Debug|Any CPU.ActiveCfg = Debug|Any CPU
		{68C8CA13-34E2-4E77-82D8-4DBA1474D595}.Debug|Any CPU.Build.0 = Debug|Any CPU
		{68C8CA13-34E2-4E77-82D8-4DBA1474D595}.Release|Any CPU.ActiveCfg = Release|Any CPU
		{68C8CA13-34E2-4E77-82D8-4DBA1474D595}.Release|Any CPU.Build.0 = Release|Any CPU
		{0983F3BB-BA45-46F8-8AD8-83852C6B4EBB}.Debug|Any CPU.ActiveCfg = Debug|Any CPU
		{0983F3BB-BA45-46F8-8AD8-83852C6B4EBB}.Debug|Any CPU.Build.0 = Debug|Any CPU
		{0983F3BB-BA45-46F8-8AD8-83852C6B4EBB}.Release|Any CPU.ActiveCfg = Release|Any CPU
		{0983F3BB-BA45-46F8-8AD8-83852C6B4EBB}.Release|Any CPU.Build.0 = Release|Any CPU
		{4DB90D32-EB5D-4B85-AD22-AF4CC8FC20DF}.Debug|Any CPU.ActiveCfg = Debug|Any CPU
		{4DB90D32-EB5D-4B85-AD22-AF4CC8FC20DF}.Debug|Any CPU.Build.0 = Debug|Any CPU
		{4DB90D32-EB5D-4B85-AD22-AF4CC8FC20DF}.Release|Any CPU.ActiveCfg = Release|Any CPU
		{4DB90D32-EB5D-4B85-AD22-AF4CC8FC20DF}.Release|Any CPU.Build.0 = Release|Any CPU
		{9D70B31A-8A18-4942-BC19-6621528402DA}.Debug|Any CPU.ActiveCfg = Debug|Any CPU
		{9D70B31A-8A18-4942-BC19-6621528402DA}.Debug|Any CPU.Build.0 = Debug|Any CPU
		{9D70B31A-8A18-4942-BC19-6621528402DA}.Release|Any CPU.ActiveCfg = Release|Any CPU
		{9D70B31A-8A18-4942-BC19-6621528402DA}.Release|Any CPU.Build.0 = Release|Any CPU
		{C3E07851-D82B-41CC-BF21-5B948A97C8BB}.Debug|Any CPU.ActiveCfg = Debug|Any CPU
		{C3E07851-D82B-41CC-BF21-5B948A97C8BB}.Debug|Any CPU.Build.0 = Debug|Any CPU
		{C3E07851-D82B-41CC-BF21-5B948A97C8BB}.Release|Any CPU.ActiveCfg = Release|Any CPU
		{C3E07851-D82B-41CC-BF21-5B948A97C8BB}.Release|Any CPU.Build.0 = Release|Any CPU
		{DC7B2151-B893-4A51-B394-0254DD58124A}.Debug|Any CPU.ActiveCfg = Debug|Any CPU
		{DC7B2151-B893-4A51-B394-0254DD58124A}.Debug|Any CPU.Build.0 = Debug|Any CPU
		{DC7B2151-B893-4A51-B394-0254DD58124A}.Release|Any CPU.ActiveCfg = Release|Any CPU
		{DC7B2151-B893-4A51-B394-0254DD58124A}.Release|Any CPU.Build.0 = Release|Any CPU
		{F9833E17-B3EA-4060-8971-F7A2ADDEC2E6}.Debug|Any CPU.ActiveCfg = Debug|Any CPU
		{F9833E17-B3EA-4060-8971-F7A2ADDEC2E6}.Debug|Any CPU.Build.0 = Debug|Any CPU
		{F9833E17-B3EA-4060-8971-F7A2ADDEC2E6}.Release|Any CPU.ActiveCfg = Release|Any CPU
		{F9833E17-B3EA-4060-8971-F7A2ADDEC2E6}.Release|Any CPU.Build.0 = Release|Any CPU
		{6EF7678A-A725-F430-3097-30F090C0100A}.Debug|Any CPU.ActiveCfg = Debug|Any CPU
		{6EF7678A-A725-F430-3097-30F090C0100A}.Debug|Any CPU.Build.0 = Debug|Any CPU
		{6EF7678A-A725-F430-3097-30F090C0100A}.Release|Any CPU.ActiveCfg = Release|Any CPU
		{6EF7678A-A725-F430-3097-30F090C0100A}.Release|Any CPU.Build.0 = Release|Any CPU
		{010D0C11-D6A2-3CA6-3281-4E0FD547EC2D}.Debug|Any CPU.ActiveCfg = Debug|Any CPU
		{010D0C11-D6A2-3CA6-3281-4E0FD547EC2D}.Debug|Any CPU.Build.0 = Debug|Any CPU
		{010D0C11-D6A2-3CA6-3281-4E0FD547EC2D}.Release|Any CPU.ActiveCfg = Release|Any CPU
		{010D0C11-D6A2-3CA6-3281-4E0FD547EC2D}.Release|Any CPU.Build.0 = Release|Any CPU
		{5F16C86D-C0A5-4548-8CC2-F4CE81137EE9}.Debug|Any CPU.ActiveCfg = Debug|Any CPU
		{5F16C86D-C0A5-4548-8CC2-F4CE81137EE9}.Debug|Any CPU.Build.0 = Debug|Any CPU
		{5F16C86D-C0A5-4548-8CC2-F4CE81137EE9}.Release|Any CPU.ActiveCfg = Release|Any CPU
		{5F16C86D-C0A5-4548-8CC2-F4CE81137EE9}.Release|Any CPU.Build.0 = Release|Any CPU
		{04E3ABB6-ABE3-40D9-ABBE-11861907A719}.Debug|Any CPU.ActiveCfg = Debug|Any CPU
		{04E3ABB6-ABE3-40D9-ABBE-11861907A719}.Debug|Any CPU.Build.0 = Debug|Any CPU
		{04E3ABB6-ABE3-40D9-ABBE-11861907A719}.Release|Any CPU.ActiveCfg = Release|Any CPU
		{04E3ABB6-ABE3-40D9-ABBE-11861907A719}.Release|Any CPU.Build.0 = Release|Any CPU
		{960CC174-9479-48A5-BD05-653550BE5A18}.Debug|Any CPU.ActiveCfg = Debug|Any CPU
		{960CC174-9479-48A5-BD05-653550BE5A18}.Debug|Any CPU.Build.0 = Debug|Any CPU
		{960CC174-9479-48A5-BD05-653550BE5A18}.Release|Any CPU.ActiveCfg = Release|Any CPU
		{960CC174-9479-48A5-BD05-653550BE5A18}.Release|Any CPU.Build.0 = Release|Any CPU
		{937DB534-5224-4C84-A60B-9638FEA5EB8D}.Debug|Any CPU.ActiveCfg = Debug|Any CPU
		{937DB534-5224-4C84-A60B-9638FEA5EB8D}.Debug|Any CPU.Build.0 = Debug|Any CPU
		{937DB534-5224-4C84-A60B-9638FEA5EB8D}.Release|Any CPU.ActiveCfg = Release|Any CPU
		{937DB534-5224-4C84-A60B-9638FEA5EB8D}.Release|Any CPU.Build.0 = Release|Any CPU
		{1C713D99-C847-4478-A6F2-5CF9AF6BB426}.Debug|Any CPU.ActiveCfg = Debug|Any CPU
		{1C713D99-C847-4478-A6F2-5CF9AF6BB426}.Debug|Any CPU.Build.0 = Debug|Any CPU
		{1C713D99-C847-4478-A6F2-5CF9AF6BB426}.Release|Any CPU.ActiveCfg = Release|Any CPU
		{1C713D99-C847-4478-A6F2-5CF9AF6BB426}.Release|Any CPU.Build.0 = Release|Any CPU
		{A52F9E72-5A1D-4A62-BA60-881C0BB7A525}.Debug|Any CPU.ActiveCfg = Debug|Any CPU
		{A52F9E72-5A1D-4A62-BA60-881C0BB7A525}.Debug|Any CPU.Build.0 = Debug|Any CPU
		{A52F9E72-5A1D-4A62-BA60-881C0BB7A525}.Release|Any CPU.ActiveCfg = Release|Any CPU
		{A52F9E72-5A1D-4A62-BA60-881C0BB7A525}.Release|Any CPU.Build.0 = Release|Any CPU
		{3A336D98-A3E2-4EDD-B3E0-69D4F7A99E9D}.Debug|Any CPU.ActiveCfg = Debug|Any CPU
		{3A336D98-A3E2-4EDD-B3E0-69D4F7A99E9D}.Debug|Any CPU.Build.0 = Debug|Any CPU
		{3A336D98-A3E2-4EDD-B3E0-69D4F7A99E9D}.Release|Any CPU.ActiveCfg = Release|Any CPU
		{3A336D98-A3E2-4EDD-B3E0-69D4F7A99E9D}.Release|Any CPU.Build.0 = Release|Any CPU
		{F01C3B69-9D05-4BEF-26EB-57BAD926097B}.Debug|Any CPU.ActiveCfg = Debug|Any CPU
		{F01C3B69-9D05-4BEF-26EB-57BAD926097B}.Debug|Any CPU.Build.0 = Debug|Any CPU
		{F01C3B69-9D05-4BEF-26EB-57BAD926097B}.Release|Any CPU.ActiveCfg = Release|Any CPU
		{F01C3B69-9D05-4BEF-26EB-57BAD926097B}.Release|Any CPU.Build.0 = Release|Any CPU
		{414DFFD5-4A0F-DD91-933A-D9585859A325}.Debug|Any CPU.ActiveCfg = Debug|Any CPU
		{414DFFD5-4A0F-DD91-933A-D9585859A325}.Debug|Any CPU.Build.0 = Debug|Any CPU
		{414DFFD5-4A0F-DD91-933A-D9585859A325}.Release|Any CPU.ActiveCfg = Release|Any CPU
		{414DFFD5-4A0F-DD91-933A-D9585859A325}.Release|Any CPU.Build.0 = Release|Any CPU
		{8E382822-92E3-D270-08BB-8C5874A14FBE}.Debug|Any CPU.ActiveCfg = Debug|Any CPU
		{8E382822-92E3-D270-08BB-8C5874A14FBE}.Debug|Any CPU.Build.0 = Debug|Any CPU
		{8E382822-92E3-D270-08BB-8C5874A14FBE}.Release|Any CPU.ActiveCfg = Release|Any CPU
		{8E382822-92E3-D270-08BB-8C5874A14FBE}.Release|Any CPU.Build.0 = Release|Any CPU
		{7A3BDE38-0812-4F85-B408-E087FD31FCEB}.Debug|Any CPU.ActiveCfg = Debug|Any CPU
		{7A3BDE38-0812-4F85-B408-E087FD31FCEB}.Debug|Any CPU.Build.0 = Debug|Any CPU
		{7A3BDE38-0812-4F85-B408-E087FD31FCEB}.Release|Any CPU.ActiveCfg = Release|Any CPU
		{7A3BDE38-0812-4F85-B408-E087FD31FCEB}.Release|Any CPU.Build.0 = Release|Any CPU
		{0736B3DC-3CFE-4C5C-A4D9-028419E9E306}.Debug|Any CPU.ActiveCfg = Debug|Any CPU
		{0736B3DC-3CFE-4C5C-A4D9-028419E9E306}.Debug|Any CPU.Build.0 = Debug|Any CPU
		{0736B3DC-3CFE-4C5C-A4D9-028419E9E306}.Release|Any CPU.ActiveCfg = Release|Any CPU
		{0736B3DC-3CFE-4C5C-A4D9-028419E9E306}.Release|Any CPU.Build.0 = Release|Any CPU
		{46CBDBEA-E219-4C2E-8965-A723C87E35AB}.Debug|Any CPU.ActiveCfg = Debug|Any CPU
		{46CBDBEA-E219-4C2E-8965-A723C87E35AB}.Debug|Any CPU.Build.0 = Debug|Any CPU
		{46CBDBEA-E219-4C2E-8965-A723C87E35AB}.Release|Any CPU.ActiveCfg = Release|Any CPU
		{46CBDBEA-E219-4C2E-8965-A723C87E35AB}.Release|Any CPU.Build.0 = Release|Any CPU
		{AEB65F9B-0060-4D01-90AE-A74865F3D869}.Debug|Any CPU.ActiveCfg = Debug|Any CPU
		{AEB65F9B-0060-4D01-90AE-A74865F3D869}.Debug|Any CPU.Build.0 = Debug|Any CPU
		{AEB65F9B-0060-4D01-90AE-A74865F3D869}.Release|Any CPU.ActiveCfg = Release|Any CPU
		{AEB65F9B-0060-4D01-90AE-A74865F3D869}.Release|Any CPU.Build.0 = Release|Any CPU
		{A9D077E9-EA04-4C76-9FE6-BDC7F064118B}.Debug|Any CPU.ActiveCfg = Debug|Any CPU
		{A9D077E9-EA04-4C76-9FE6-BDC7F064118B}.Debug|Any CPU.Build.0 = Debug|Any CPU
		{A9D077E9-EA04-4C76-9FE6-BDC7F064118B}.Release|Any CPU.ActiveCfg = Release|Any CPU
		{A9D077E9-EA04-4C76-9FE6-BDC7F064118B}.Release|Any CPU.Build.0 = Release|Any CPU
		{56DA9F25-529E-4E44-B0B4-DF80A888005A}.Debug|Any CPU.ActiveCfg = Debug|Any CPU
		{56DA9F25-529E-4E44-B0B4-DF80A888005A}.Debug|Any CPU.Build.0 = Debug|Any CPU
		{56DA9F25-529E-4E44-B0B4-DF80A888005A}.Release|Any CPU.ActiveCfg = Release|Any CPU
		{56DA9F25-529E-4E44-B0B4-DF80A888005A}.Release|Any CPU.Build.0 = Release|Any CPU
		{83201EBD-65DC-4006-967B-768CC8743994}.Debug|Any CPU.ActiveCfg = Debug|Any CPU
		{83201EBD-65DC-4006-967B-768CC8743994}.Debug|Any CPU.Build.0 = Debug|Any CPU
		{83201EBD-65DC-4006-967B-768CC8743994}.Release|Any CPU.ActiveCfg = Release|Any CPU
		{83201EBD-65DC-4006-967B-768CC8743994}.Release|Any CPU.Build.0 = Release|Any CPU
		{B5BF5C9B-C637-46A5-89E3-66656497D6C7}.Debug|Any CPU.ActiveCfg = Debug|Any CPU
		{B5BF5C9B-C637-46A5-89E3-66656497D6C7}.Debug|Any CPU.Build.0 = Debug|Any CPU
		{B5BF5C9B-C637-46A5-89E3-66656497D6C7}.Release|Any CPU.ActiveCfg = Release|Any CPU
		{B5BF5C9B-C637-46A5-89E3-66656497D6C7}.Release|Any CPU.Build.0 = Release|Any CPU
		{7C64BC56-B48B-4C61-B744-8512BD8380EA}.Debug|Any CPU.ActiveCfg = Debug|Any CPU
		{7C64BC56-B48B-4C61-B744-8512BD8380EA}.Debug|Any CPU.Build.0 = Debug|Any CPU
		{7C64BC56-B48B-4C61-B744-8512BD8380EA}.Release|Any CPU.ActiveCfg = Release|Any CPU
		{7C64BC56-B48B-4C61-B744-8512BD8380EA}.Release|Any CPU.Build.0 = Release|Any CPU
		{29ADBCDE-3B24-4305-8E85-11F6623DB15F}.Debug|Any CPU.ActiveCfg = Debug|Any CPU
		{29ADBCDE-3B24-4305-8E85-11F6623DB15F}.Debug|Any CPU.Build.0 = Debug|Any CPU
		{29ADBCDE-3B24-4305-8E85-11F6623DB15F}.Release|Any CPU.ActiveCfg = Release|Any CPU
		{29ADBCDE-3B24-4305-8E85-11F6623DB15F}.Release|Any CPU.Build.0 = Release|Any CPU
		{15AEFB95-E450-4F3B-8224-1C091299714A}.Debug|Any CPU.ActiveCfg = Debug|Any CPU
		{15AEFB95-E450-4F3B-8224-1C091299714A}.Debug|Any CPU.Build.0 = Debug|Any CPU
		{15AEFB95-E450-4F3B-8224-1C091299714A}.Release|Any CPU.ActiveCfg = Release|Any CPU
		{15AEFB95-E450-4F3B-8224-1C091299714A}.Release|Any CPU.Build.0 = Release|Any CPU
		{13EF6CCE-EC4B-454F-807A-A1F5FD6DA9A4}.Debug|Any CPU.ActiveCfg = Debug|Any CPU
		{13EF6CCE-EC4B-454F-807A-A1F5FD6DA9A4}.Debug|Any CPU.Build.0 = Debug|Any CPU
		{13EF6CCE-EC4B-454F-807A-A1F5FD6DA9A4}.Release|Any CPU.ActiveCfg = Release|Any CPU
		{13EF6CCE-EC4B-454F-807A-A1F5FD6DA9A4}.Release|Any CPU.Build.0 = Release|Any CPU
		{8FBDDD79-818E-6752-3B00-45F40DDA6723}.Debug|Any CPU.ActiveCfg = Debug|Any CPU
		{8FBDDD79-818E-6752-3B00-45F40DDA6723}.Debug|Any CPU.Build.0 = Debug|Any CPU
		{8FBDDD79-818E-6752-3B00-45F40DDA6723}.Release|Any CPU.ActiveCfg = Release|Any CPU
		{8FBDDD79-818E-6752-3B00-45F40DDA6723}.Release|Any CPU.Build.0 = Release|Any CPU
		{EC95F513-FA89-4C5A-B44A-5E761A82BCD1}.Debug|Any CPU.ActiveCfg = Debug|Any CPU
		{EC95F513-FA89-4C5A-B44A-5E761A82BCD1}.Debug|Any CPU.Build.0 = Debug|Any CPU
		{EC95F513-FA89-4C5A-B44A-5E761A82BCD1}.Release|Any CPU.ActiveCfg = Release|Any CPU
		{EC95F513-FA89-4C5A-B44A-5E761A82BCD1}.Release|Any CPU.Build.0 = Release|Any CPU
		{AAD97B84-D512-44A1-AB12-9101AD69CFF6}.Debug|Any CPU.ActiveCfg = Debug|Any CPU
		{AAD97B84-D512-44A1-AB12-9101AD69CFF6}.Debug|Any CPU.Build.0 = Debug|Any CPU
		{AAD97B84-D512-44A1-AB12-9101AD69CFF6}.Release|Any CPU.ActiveCfg = Release|Any CPU
		{AAD97B84-D512-44A1-AB12-9101AD69CFF6}.Release|Any CPU.Build.0 = Release|Any CPU
		{07925D3F-C225-4562-B53B-4D74F195427A}.Debug|Any CPU.ActiveCfg = Debug|Any CPU
		{07925D3F-C225-4562-B53B-4D74F195427A}.Debug|Any CPU.Build.0 = Debug|Any CPU
		{07925D3F-C225-4562-B53B-4D74F195427A}.Release|Any CPU.ActiveCfg = Release|Any CPU
		{07925D3F-C225-4562-B53B-4D74F195427A}.Release|Any CPU.Build.0 = Release|Any CPU
		{C8E9A759-A245-4D28-B0CF-A75A8B2ED76A}.Debug|Any CPU.ActiveCfg = Debug|Any CPU
		{C8E9A759-A245-4D28-B0CF-A75A8B2ED76A}.Debug|Any CPU.Build.0 = Debug|Any CPU
		{C8E9A759-A245-4D28-B0CF-A75A8B2ED76A}.Release|Any CPU.ActiveCfg = Release|Any CPU
		{C8E9A759-A245-4D28-B0CF-A75A8B2ED76A}.Release|Any CPU.Build.0 = Release|Any CPU
		{B2CD0718-9965-47B6-8287-485E3C80F6DE}.Debug|Any CPU.ActiveCfg = Debug|Any CPU
		{B2CD0718-9965-47B6-8287-485E3C80F6DE}.Debug|Any CPU.Build.0 = Debug|Any CPU
		{B2CD0718-9965-47B6-8287-485E3C80F6DE}.Release|Any CPU.ActiveCfg = Release|Any CPU
		{B2CD0718-9965-47B6-8287-485E3C80F6DE}.Release|Any CPU.Build.0 = Release|Any CPU
		{7F971EA4-064F-4AB4-AA69-C8858FB5B731}.Debug|Any CPU.ActiveCfg = Debug|Any CPU
		{7F971EA4-064F-4AB4-AA69-C8858FB5B731}.Debug|Any CPU.Build.0 = Debug|Any CPU
		{7F971EA4-064F-4AB4-AA69-C8858FB5B731}.Release|Any CPU.ActiveCfg = Release|Any CPU
		{7F971EA4-064F-4AB4-AA69-C8858FB5B731}.Release|Any CPU.Build.0 = Release|Any CPU
		{93D7125A-A1D3-49F1-9C4A-6D3622F8399F}.Debug|Any CPU.ActiveCfg = Debug|Any CPU
		{93D7125A-A1D3-49F1-9C4A-6D3622F8399F}.Debug|Any CPU.Build.0 = Debug|Any CPU
		{93D7125A-A1D3-49F1-9C4A-6D3622F8399F}.Release|Any CPU.ActiveCfg = Release|Any CPU
		{93D7125A-A1D3-49F1-9C4A-6D3622F8399F}.Release|Any CPU.Build.0 = Release|Any CPU
		{3CF57345-400D-40FE-9F62-22FF06FF58DB}.Debug|Any CPU.ActiveCfg = Debug|Any CPU
		{3CF57345-400D-40FE-9F62-22FF06FF58DB}.Debug|Any CPU.Build.0 = Debug|Any CPU
		{3CF57345-400D-40FE-9F62-22FF06FF58DB}.Release|Any CPU.ActiveCfg = Release|Any CPU
		{3CF57345-400D-40FE-9F62-22FF06FF58DB}.Release|Any CPU.Build.0 = Release|Any CPU
		{AEBD4942-9DE1-4E4A-8E37-19514E46E31B}.Debug|Any CPU.ActiveCfg = Debug|Any CPU
		{AEBD4942-9DE1-4E4A-8E37-19514E46E31B}.Debug|Any CPU.Build.0 = Debug|Any CPU
		{AEBD4942-9DE1-4E4A-8E37-19514E46E31B}.Release|Any CPU.ActiveCfg = Release|Any CPU
		{AEBD4942-9DE1-4E4A-8E37-19514E46E31B}.Release|Any CPU.Build.0 = Release|Any CPU
		{7BC40B91-40B2-46AB-9B69-9A13B7863AF1}.Debug|Any CPU.ActiveCfg = Debug|Any CPU
		{7BC40B91-40B2-46AB-9B69-9A13B7863AF1}.Debug|Any CPU.Build.0 = Debug|Any CPU
		{7BC40B91-40B2-46AB-9B69-9A13B7863AF1}.Release|Any CPU.ActiveCfg = Release|Any CPU
		{7BC40B91-40B2-46AB-9B69-9A13B7863AF1}.Release|Any CPU.Build.0 = Release|Any CPU
		{C1073698-82F6-0971-11D3-530698328950}.Debug|Any CPU.ActiveCfg = Debug|Any CPU
		{C1073698-82F6-0971-11D3-530698328950}.Debug|Any CPU.Build.0 = Debug|Any CPU
		{C1073698-82F6-0971-11D3-530698328950}.Release|Any CPU.ActiveCfg = Release|Any CPU
		{C1073698-82F6-0971-11D3-530698328950}.Release|Any CPU.Build.0 = Release|Any CPU
		{BAD5866C-19CE-9ABE-C7CE-C75067A93566}.Debug|Any CPU.ActiveCfg = Debug|Any CPU
		{BAD5866C-19CE-9ABE-C7CE-C75067A93566}.Debug|Any CPU.Build.0 = Debug|Any CPU
		{BAD5866C-19CE-9ABE-C7CE-C75067A93566}.Release|Any CPU.ActiveCfg = Release|Any CPU
		{BAD5866C-19CE-9ABE-C7CE-C75067A93566}.Release|Any CPU.Build.0 = Release|Any CPU
		{94B56CE4-E3A3-49DD-9CD2-4ABBC88470B0}.Debug|Any CPU.ActiveCfg = Debug|Any CPU
		{94B56CE4-E3A3-49DD-9CD2-4ABBC88470B0}.Debug|Any CPU.Build.0 = Debug|Any CPU
		{94B56CE4-E3A3-49DD-9CD2-4ABBC88470B0}.Release|Any CPU.ActiveCfg = Release|Any CPU
		{94B56CE4-E3A3-49DD-9CD2-4ABBC88470B0}.Release|Any CPU.Build.0 = Release|Any CPU
		{0F993D32-DAE0-4DE3-894D-3DC98892ECFF}.Debug|Any CPU.ActiveCfg = Debug|Any CPU
		{0F993D32-DAE0-4DE3-894D-3DC98892ECFF}.Debug|Any CPU.Build.0 = Debug|Any CPU
		{0F993D32-DAE0-4DE3-894D-3DC98892ECFF}.Release|Any CPU.ActiveCfg = Release|Any CPU
		{0F993D32-DAE0-4DE3-894D-3DC98892ECFF}.Release|Any CPU.Build.0 = Release|Any CPU
		{609C821B-D5B6-479C-BDA2-CC38C1074508}.Debug|Any CPU.ActiveCfg = Debug|Any CPU
		{609C821B-D5B6-479C-BDA2-CC38C1074508}.Debug|Any CPU.Build.0 = Debug|Any CPU
		{609C821B-D5B6-479C-BDA2-CC38C1074508}.Release|Any CPU.ActiveCfg = Release|Any CPU
		{609C821B-D5B6-479C-BDA2-CC38C1074508}.Release|Any CPU.Build.0 = Release|Any CPU
		{EC7D562F-5DA1-4334-BA39-85A5C8935BA2}.Debug|Any CPU.ActiveCfg = Debug|Any CPU
		{EC7D562F-5DA1-4334-BA39-85A5C8935BA2}.Debug|Any CPU.Build.0 = Debug|Any CPU
		{EC7D562F-5DA1-4334-BA39-85A5C8935BA2}.Release|Any CPU.ActiveCfg = Release|Any CPU
		{EC7D562F-5DA1-4334-BA39-85A5C8935BA2}.Release|Any CPU.Build.0 = Release|Any CPU
		{24E47DEA-26E2-45AE-996D-DD510266212B}.Debug|Any CPU.ActiveCfg = Debug|Any CPU
		{24E47DEA-26E2-45AE-996D-DD510266212B}.Debug|Any CPU.Build.0 = Debug|Any CPU
		{24E47DEA-26E2-45AE-996D-DD510266212B}.Release|Any CPU.ActiveCfg = Release|Any CPU
		{24E47DEA-26E2-45AE-996D-DD510266212B}.Release|Any CPU.Build.0 = Release|Any CPU
	EndGlobalSection
	GlobalSection(SolutionProperties) = preSolution
		HideSolutionNode = FALSE
	EndGlobalSection
	GlobalSection(NestedProjects) = preSolution
		{32F8A548-2497-4DC0-9640-BABCA1A2CEA8} = {DDB4EF12-CC4E-5E88-E6FC-71A802F4DE97}
		{D903670F-8E32-4545-AC39-8E3C757E9937} = {47A6FD86-3BAC-442B-896A-C33A43787645}
		{8CD2084B-176F-4947-9CFC-E38AD8F91C75} = {69A0D16F-E2BC-4BBD-B85C-647ECDE59C42}
		{E11511B4-9E08-484D-8C15-02865DEF401D} = {8CD2084B-176F-4947-9CFC-E38AD8F91C75}
		{47A6FD86-3BAC-442B-896A-C33A43787645} = {69A0D16F-E2BC-4BBD-B85C-647ECDE59C42}
		{2DAE4866-A366-4962-AB60-5BDAF2DEF7A8} = {F64F17B7-0D42-4361-B48E-FE2381429AA6}
		{690AEB0F-4F85-42D4-B49B-0DF21F4F637E} = {F64F17B7-0D42-4361-B48E-FE2381429AA6}
		{EB34F9C2-4370-4A6B-B766-EEBD1538FFCF} = {69A0D16F-E2BC-4BBD-B85C-647ECDE59C42}
		{8240C9A5-5CCF-426D-9346-9F718FFD194C} = {EB34F9C2-4370-4A6B-B766-EEBD1538FFCF}
		{F376297A-9E8C-441A-AFF1-7526EFB31942} = {8CD2084B-176F-4947-9CFC-E38AD8F91C75}
		{DDF39155-65E9-475D-B9F8-00821B67BF3F} = {82582D34-4AC0-477A-8DC0-5796D32A12E3}
		{605F3425-407A-4306-9904-8C9423E90A5D} = {82582D34-4AC0-477A-8DC0-5796D32A12E3}
		{894BE67E-954E-46C1-A314-0D2274A39AED} = {605F3425-407A-4306-9904-8C9423E90A5D}
		{604345E6-0BAD-4615-953F-12027D0342AE} = {82582D34-4AC0-477A-8DC0-5796D32A12E3}
		{EC6E1B1C-CD45-46B8-9292-A33283B44B76} = {605F3425-407A-4306-9904-8C9423E90A5D}
		{0BF9F9FF-D92A-4924-B0BE-F9EEF18DA955} = {0B66B703-A986-469B-915C-9660EF7C64C7}
		{AE0A8F61-E804-4C0B-8E63-2B987063C62E} = {0B66B703-A986-469B-915C-9660EF7C64C7}
		{7398D74E-D213-4BD2-B311-40A1EF31F450} = {AE0A8F61-E804-4C0B-8E63-2B987063C62E}
		{20D323E9-B478-4AB8-8DCF-96E5EB9F5990} = {AE0A8F61-E804-4C0B-8E63-2B987063C62E}
		{0EE5C2B9-7210-46E3-A600-DAA3406FF898} = {5E19E81B-256E-4045-A644-8FAA9872463E}
		{65562992-AECE-4971-A93C-2D1CFFFB5C39} = {23D8E393-67DF-4CDB-8488-3D3D8D080879}
		{ACA52D07-B5A0-42F8-B3BB-3FEA3B499F6B} = {65562992-AECE-4971-A93C-2D1CFFFB5C39}
		{DDBC4EB8-5B3D-4159-A95E-BEEC2DE6DF41} = {23D8E393-67DF-4CDB-8488-3D3D8D080879}
		{6CB55283-D60A-4363-875C-0D0117812DB1} = {23D8E393-67DF-4CDB-8488-3D3D8D080879}
		{B83EA30B-B81E-4745-9056-6D3694802125} = {65562992-AECE-4971-A93C-2D1CFFFB5C39}
		{99B09137-C8DB-4893-BFE4-1B3E55924B54} = {8E3D8397-E023-4BC0-9749-71EB5A19EC69}
		{3D4B14E7-8D67-49D6-B4ED-EB97C037A559} = {8E3D8397-E023-4BC0-9749-71EB5A19EC69}
		{31D303E9-4E3D-4555-8833-41FB27ACAE83} = {3D4B14E7-8D67-49D6-B4ED-EB97C037A559}
		{DFA0CFAB-4FF0-4552-B55E-6E56F4BDA58A} = {3D4B14E7-8D67-49D6-B4ED-EB97C037A559}
		{B66F65D5-78CB-4751-BAE6-29583564F3E7} = {3D4B14E7-8D67-49D6-B4ED-EB97C037A559}
		{1B4B420D-E004-4882-A620-A925673C878E} = {8E3D8397-E023-4BC0-9749-71EB5A19EC69}
		{93F702B8-4B45-4884-99E2-154E12F24C20} = {53C3864B-FC44-4102-8A58-43143AB926A6}
		{E96B9BD9-57CC-4598-A8B3-0BCFE9C297A4} = {53C3864B-FC44-4102-8A58-43143AB926A6}
		{68C8CA13-34E2-4E77-82D8-4DBA1474D595} = {53C3864B-FC44-4102-8A58-43143AB926A6}
		{0983F3BB-BA45-46F8-8AD8-83852C6B4EBB} = {93F702B8-4B45-4884-99E2-154E12F24C20}
		{4DB90D32-EB5D-4B85-AD22-AF4CC8FC20DF} = {93F702B8-4B45-4884-99E2-154E12F24C20}
		{7E9BD89E-A7D8-497E-B323-ACF5D9385E02} = {B4EFA488-1A52-4B41-9D7C-960811B20798}
		{9D70B31A-8A18-4942-BC19-6621528402DA} = {7E9BD89E-A7D8-497E-B323-ACF5D9385E02}
		{C3E07851-D82B-41CC-BF21-5B948A97C8BB} = {7E9BD89E-A7D8-497E-B323-ACF5D9385E02}
		{DC7B2151-B893-4A51-B394-0254DD58124A} = {B4EFA488-1A52-4B41-9D7C-960811B20798}
		{F9833E17-B3EA-4060-8971-F7A2ADDEC2E6} = {7E9BD89E-A7D8-497E-B323-ACF5D9385E02}
		{6EF7678A-A725-F430-3097-30F090C0100A} = {FD3F9829-30C4-4F76-AC3B-CBAC3800B432}
		{010D0C11-D6A2-3CA6-3281-4E0FD547EC2D} = {FD3F9829-30C4-4F76-AC3B-CBAC3800B432}
		{5F16C86D-C0A5-4548-8CC2-F4CE81137EE9} = {9484EBE2-8E50-4CA7-B188-1CA57883B56E}
		{574E6DE3-B06A-4980-B3A7-4744E4536F37} = {9484EBE2-8E50-4CA7-B188-1CA57883B56E}
		{04E3ABB6-ABE3-40D9-ABBE-11861907A719} = {574E6DE3-B06A-4980-B3A7-4744E4536F37}
		{960CC174-9479-48A5-BD05-653550BE5A18} = {574E6DE3-B06A-4980-B3A7-4744E4536F37}
		{937DB534-5224-4C84-A60B-9638FEA5EB8D} = {574E6DE3-B06A-4980-B3A7-4744E4536F37}
		{1C713D99-C847-4478-A6F2-5CF9AF6BB426} = {F64F17B7-0D42-4361-B48E-FE2381429AA6}
		{1D8965BA-B81A-4F9F-80DF-848C2AA2E8B9} = {4B69D34F-DC07-4C50-9E4D-59BE645A51AD}
		{A52F9E72-5A1D-4A62-BA60-881C0BB7A525} = {4B69D34F-DC07-4C50-9E4D-59BE645A51AD}
		{3A336D98-A3E2-4EDD-B3E0-69D4F7A99E9D} = {1D8965BA-B81A-4F9F-80DF-848C2AA2E8B9}
		{F01C3B69-9D05-4BEF-26EB-57BAD926097B} = {1D8965BA-B81A-4F9F-80DF-848C2AA2E8B9}
		{414DFFD5-4A0F-DD91-933A-D9585859A325} = {1D8965BA-B81A-4F9F-80DF-848C2AA2E8B9}
		{8E382822-92E3-D270-08BB-8C5874A14FBE} = {F64F17B7-0D42-4361-B48E-FE2381429AA6}
		{7A3BDE38-0812-4F85-B408-E087FD31FCEB} = {B25C5066-E125-4A69-92EE-EF24D1B31C17}
		{0736B3DC-3CFE-4C5C-A4D9-028419E9E306} = {A546B863-5B6C-4958-94B3-6A842A1D4CED}
		{A546B863-5B6C-4958-94B3-6A842A1D4CED} = {B25C5066-E125-4A69-92EE-EF24D1B31C17}
		{46CBDBEA-E219-4C2E-8965-A723C87E35AB} = {B25C5066-E125-4A69-92EE-EF24D1B31C17}
		{AEB65F9B-0060-4D01-90AE-A74865F3D869} = {A546B863-5B6C-4958-94B3-6A842A1D4CED}
		{A9D077E9-EA04-4C76-9FE6-BDC7F064118B} = {A546B863-5B6C-4958-94B3-6A842A1D4CED}
		{56DA9F25-529E-4E44-B0B4-DF80A888005A} = {B25C5066-E125-4A69-92EE-EF24D1B31C17}
		{83201EBD-65DC-4006-967B-768CC8743994} = {A546B863-5B6C-4958-94B3-6A842A1D4CED}
		{B5BF5C9B-C637-46A5-89E3-66656497D6C7} = {A546B863-5B6C-4958-94B3-6A842A1D4CED}
		{7C64BC56-B48B-4C61-B744-8512BD8380EA} = {E7CD536B-3433-4220-841F-A86EEF5CE979}
		{29ADBCDE-3B24-4305-8E85-11F6623DB15F} = {E7CD536B-3433-4220-841F-A86EEF5CE979}
		{15AEFB95-E450-4F3B-8224-1C091299714A} = {E7CD536B-3433-4220-841F-A86EEF5CE979}
		{13EF6CCE-EC4B-454F-807A-A1F5FD6DA9A4} = {E7CD536B-3433-4220-841F-A86EEF5CE979}
		{8FBDDD79-818E-6752-3B00-45F40DDA6723} = {E7CD536B-3433-4220-841F-A86EEF5CE979}
		{EC95F513-FA89-4C5A-B44A-5E761A82BCD1} = {E7CD536B-3433-4220-841F-A86EEF5CE979}
		{AAD97B84-D512-44A1-AB12-9101AD69CFF6} = {E7CD536B-3433-4220-841F-A86EEF5CE979}
		{07925D3F-C225-4562-B53B-4D74F195427A} = {4E935CB6-0E63-4F61-A332-49851B30A2AC}
		{C8E9A759-A245-4D28-B0CF-A75A8B2ED76A} = {4E935CB6-0E63-4F61-A332-49851B30A2AC}
		{A505CCA5-E2EB-429B-9BA6-6B2CB38DFFCB} = {2B8A81EC-30A8-4B1E-9E5E-B8E73E819368}
		{B2CD0718-9965-47B6-8287-485E3C80F6DE} = {2B8A81EC-30A8-4B1E-9E5E-B8E73E819368}
		{7F971EA4-064F-4AB4-AA69-C8858FB5B731} = {A505CCA5-E2EB-429B-9BA6-6B2CB38DFFCB}
		{93D7125A-A1D3-49F1-9C4A-6D3622F8399F} = {90E58AC3-3A78-4318-BB2B-0F738C0DFE33}
		{73D998B3-53D8-406E-A619-9B3EB27739F6} = {90E58AC3-3A78-4318-BB2B-0F738C0DFE33}
		{3CF57345-400D-40FE-9F62-22FF06FF58DB} = {73D998B3-53D8-406E-A619-9B3EB27739F6}
		{AEBD4942-9DE1-4E4A-8E37-19514E46E31B} = {73D998B3-53D8-406E-A619-9B3EB27739F6}
		{7BC40B91-40B2-46AB-9B69-9A13B7863AF1} = {73D998B3-53D8-406E-A619-9B3EB27739F6}
		{C1073698-82F6-0971-11D3-530698328950} = {90E58AC3-3A78-4318-BB2B-0F738C0DFE33}
		{BAD5866C-19CE-9ABE-C7CE-C75067A93566} = {90E58AC3-3A78-4318-BB2B-0F738C0DFE33}
		{94B56CE4-E3A3-49DD-9CD2-4ABBC88470B0} = {90E58AC3-3A78-4318-BB2B-0F738C0DFE33}
		{0F993D32-DAE0-4DE3-894D-3DC98892ECFF} = {114085FE-2D2C-4E0F-8112-FB1E34590C33}
		{81AC6E6B-A1A6-4C41-A7D3-AFF979CF3C17} = {114085FE-2D2C-4E0F-8112-FB1E34590C33}
		{609C821B-D5B6-479C-BDA2-CC38C1074508} = {81AC6E6B-A1A6-4C41-A7D3-AFF979CF3C17}
		{EC7D562F-5DA1-4334-BA39-85A5C8935BA2} = {20149F72-2EC7-4F29-BEBC-05DCA7C5BF8B}
		{101201EC-F440-4058-B0B0-1AB5CDD111D5} = {20149F72-2EC7-4F29-BEBC-05DCA7C5BF8B}
		{24E47DEA-26E2-45AE-996D-DD510266212B} = {101201EC-F440-4058-B0B0-1AB5CDD111D5}
	EndGlobalSection
	GlobalSection(ExtensibilityGlobals) = postSolution
		SolutionGuid = {98A3A273-D126-4506-A5A6-CBBA3A481FBA}
	EndGlobalSection
EndGlobal
